// !$*UTF8*$!
{
	archiveVersion = 1;
	classes = {
	};
	objectVersion = 55;
	objects = {

/* Begin PBXBuildFile section */
		7247950127F1B5F400832827 /* QuizQuestion.swift in Sources */ = {isa = PBXBuildFile; fileRef = 7247950027F1B5F300832827 /* QuizQuestion.swift */; };
		7247950327F1E0DD00832827 /* localQuizData.json in Resources */ = {isa = PBXBuildFile; fileRef = 7247950227F1E0DD00832827 /* localQuizData.json */; };
		725BAA9127E8A7A400AC7538 /* AppDelegate.swift in Sources */ = {isa = PBXBuildFile; fileRef = 725BAA9027E8A7A400AC7538 /* AppDelegate.swift */; };
		725BAA9327E8A7A400AC7538 /* SceneDelegate.swift in Sources */ = {isa = PBXBuildFile; fileRef = 725BAA9227E8A7A400AC7538 /* SceneDelegate.swift */; };
		725BAA9527E8A7A400AC7538 /* ViewController.swift in Sources */ = {isa = PBXBuildFile; fileRef = 725BAA9427E8A7A400AC7538 /* ViewController.swift */; };
		725BAA9827E8A7A400AC7538 /* Main.storyboard in Resources */ = {isa = PBXBuildFile; fileRef = 725BAA9627E8A7A400AC7538 /* Main.storyboard */; };
		725BAA9A27E8A7A500AC7538 /* Assets.xcassets in Resources */ = {isa = PBXBuildFile; fileRef = 725BAA9927E8A7A500AC7538 /* Assets.xcassets */; };
		725BAA9D27E8A7A500AC7538 /* LaunchScreen.storyboard in Resources */ = {isa = PBXBuildFile; fileRef = 725BAA9B27E8A7A500AC7538 /* LaunchScreen.storyboard */; };
/* End PBXBuildFile section */

/* Begin PBXFileReference section */
		7247950027F1B5F300832827 /* QuizQuestion.swift */ = {isa = PBXFileReference; lastKnownFileType = sourcecode.swift; path = QuizQuestion.swift; sourceTree = "<group>"; };
		7247950227F1E0DD00832827 /* localQuizData.json */ = {isa = PBXFileReference; fileEncoding = 4; lastKnownFileType = text.json; path = localQuizData.json; sourceTree = "<group>"; };
		725BAA8D27E8A7A400AC7538 /* quizz.app */ = {isa = PBXFileReference; explicitFileType = wrapper.application; includeInIndex = 0; path = quizz.app; sourceTree = BUILT_PRODUCTS_DIR; };
		725BAA9027E8A7A400AC7538 /* AppDelegate.swift */ = {isa = PBXFileReference; lastKnownFileType = sourcecode.swift; path = AppDelegate.swift; sourceTree = "<group>"; };
		725BAA9227E8A7A400AC7538 /* SceneDelegate.swift */ = {isa = PBXFileReference; lastKnownFileType = sourcecode.swift; path = SceneDelegate.swift; sourceTree = "<group>"; };
		725BAA9427E8A7A400AC7538 /* ViewController.swift */ = {isa = PBXFileReference; lastKnownFileType = sourcecode.swift; path = ViewController.swift; sourceTree = "<group>"; };
		725BAA9727E8A7A400AC7538 /* Base */ = {isa = PBXFileReference; lastKnownFileType = file.storyboard; name = Base; path = Base.lproj/Main.storyboard; sourceTree = "<group>"; };
		725BAA9927E8A7A500AC7538 /* Assets.xcassets */ = {isa = PBXFileReference; lastKnownFileType = folder.assetcatalog; path = Assets.xcassets; sourceTree = "<group>"; };
		725BAA9C27E8A7A500AC7538 /* Base */ = {isa = PBXFileReference; lastKnownFileType = file.storyboard; name = Base; path = Base.lproj/LaunchScreen.storyboard; sourceTree = "<group>"; };
		725BAA9E27E8A7A500AC7538 /* Info.plist */ = {isa = PBXFileReference; lastKnownFileType = text.plist.xml; path = Info.plist; sourceTree = "<group>"; };
/* End PBXFileReference section */

/* Begin PBXFrameworksBuildPhase section */
		725BAA8A27E8A7A400AC7538 /* Frameworks */ = {
			isa = PBXFrameworksBuildPhase;
			buildActionMask = 2147483647;
			files = (
			);
			runOnlyForDeploymentPostprocessing = 0;
		};
/* End PBXFrameworksBuildPhase section */

/* Begin PBXGroup section */
		7247950427F1E0E400832827 /* Data */ = {
			isa = PBXGroup;
			children = (
				7247950227F1E0DD00832827 /* localQuizData.json */,
			);
			path = Data;
			sourceTree = "<group>";
		};
		725BAA8427E8A7A400AC7538 = {
			isa = PBXGroup;
			children = (
				725BAA8F27E8A7A400AC7538 /* quizz */,
				725BAA8E27E8A7A400AC7538 /* Products */,
			);
			sourceTree = "<group>";
		};
		725BAA8E27E8A7A400AC7538 /* Products */ = {
			isa = PBXGroup;
			children = (
				725BAA8D27E8A7A400AC7538 /* quizz.app */,
			);
			name = Products;
			sourceTree = "<group>";
		};
		725BAA8F27E8A7A400AC7538 /* quizz */ = {
			isa = PBXGroup;
			children = (
				7247950427F1E0E400832827 /* Data */,
				725BAA9027E8A7A400AC7538 /* AppDelegate.swift */,
				725BAA9227E8A7A400AC7538 /* SceneDelegate.swift */,
				725BAA9427E8A7A400AC7538 /* ViewController.swift */,
				7247950027F1B5F300832827 /* QuizQuestion.swift */,
				725BAA9627E8A7A400AC7538 /* Main.storyboard */,
				725BAA9927E8A7A500AC7538 /* Assets.xcassets */,
				725BAA9B27E8A7A500AC7538 /* LaunchScreen.storyboard */,
				725BAA9E27E8A7A500AC7538 /* Info.plist */,
			);
			path = quizz;
			sourceTree = "<group>";
		};
/* End PBXGroup section */

/* Begin PBXNativeTarget section */
		725BAA8C27E8A7A400AC7538 /* quizz */ = {
			isa = PBXNativeTarget;
			buildConfigurationList = 725BAAA127E8A7A500AC7538 /* Build configuration list for PBXNativeTarget "quizz" */;
			buildPhases = (
				725BAA8927E8A7A400AC7538 /* Sources */,
				725BAA8A27E8A7A400AC7538 /* Frameworks */,
				725BAA8B27E8A7A400AC7538 /* Resources */,
			);
			buildRules = (
			);
			dependencies = (
			);
			name = quizz;
			productName = quizz;
			productReference = 725BAA8D27E8A7A400AC7538 /* quizz.app */;
			productType = "com.apple.product-type.application";
		};
/* End PBXNativeTarget section */

/* Begin PBXProject section */
		725BAA8527E8A7A400AC7538 /* Project object */ = {
			isa = PBXProject;
			attributes = {
				BuildIndependentTargetsInParallel = 1;
				LastSwiftUpdateCheck = 1320;
				LastUpgradeCheck = 1320;
				TargetAttributes = {
					725BAA8C27E8A7A400AC7538 = {
						CreatedOnToolsVersion = 13.2.1;
					};
				};
			};
			buildConfigurationList = 725BAA8827E8A7A400AC7538 /* Build configuration list for PBXProject "quizz" */;
			compatibilityVersion = "Xcode 13.0";
			developmentRegion = en;
			hasScannedForEncodings = 0;
			knownRegions = (
				en,
				Base,
			);
			mainGroup = 725BAA8427E8A7A400AC7538;
			productRefGroup = 725BAA8E27E8A7A400AC7538 /* Products */;
			projectDirPath = "";
			projectRoot = "";
			targets = (
				725BAA8C27E8A7A400AC7538 /* quizz */,
			);
		};
/* End PBXProject section */

/* Begin PBXResourcesBuildPhase section */
		725BAA8B27E8A7A400AC7538 /* Resources */ = {
			isa = PBXResourcesBuildPhase;
			buildActionMask = 2147483647;
			files = (
				7247950327F1E0DD00832827 /* localQuizData.json in Resources */,
				725BAA9D27E8A7A500AC7538 /* LaunchScreen.storyboard in Resources */,
				725BAA9A27E8A7A500AC7538 /* Assets.xcassets in Resources */,
				725BAA9827E8A7A400AC7538 /* Main.storyboard in Resources */,
			);
			runOnlyForDeploymentPostprocessing = 0;
		};
/* End PBXResourcesBuildPhase section */

/* Begin PBXSourcesBuildPhase section */
		725BAA8927E8A7A400AC7538 /* Sources */ = {
			isa = PBXSourcesBuildPhase;
			buildActionMask = 2147483647;
			files = (
				725BAA9527E8A7A400AC7538 /* ViewController.swift in Sources */,
				725BAA9127E8A7A400AC7538 /* AppDelegate.swift in Sources */,
				7247950127F1B5F400832827 /* QuizQuestion.swift in Sources */,
				725BAA9327E8A7A400AC7538 /* SceneDelegate.swift in Sources */,
			);
			runOnlyForDeploymentPostprocessing = 0;
		};
/* End PBXSourcesBuildPhase section */

/* Begin PBXVariantGroup section */
		725BAA9627E8A7A400AC7538 /* Main.storyboard */ = {
			isa = PBXVariantGroup;
			children = (
				725BAA9727E8A7A400AC7538 /* Base */,
			);
			name = Main.storyboard;
			sourceTree = "<group>";
		};
		725BAA9B27E8A7A500AC7538 /* LaunchScreen.storyboard */ = {
			isa = PBXVariantGroup;
			children = (
				725BAA9C27E8A7A500AC7538 /* Base */,
			);
			name = LaunchScreen.storyboard;
			sourceTree = "<group>";
		};
/* End PBXVariantGroup section */

/* Begin XCBuildConfiguration section */
		725BAA9F27E8A7A500AC7538 /* Debug */ = {
			isa = XCBuildConfiguration;
			buildSettings = {
				ALWAYS_SEARCH_USER_PATHS = NO;
				CLANG_ANALYZER_NONNULL = YES;
				CLANG_ANALYZER_NUMBER_OBJECT_CONVERSION = YES_AGGRESSIVE;
				CLANG_CXX_LANGUAGE_STANDARD = "gnu++17";
				CLANG_CXX_LIBRARY = "libc++";
				CLANG_ENABLE_MODULES = YES;
				CLANG_ENABLE_OBJC_ARC = YES;
				CLANG_ENABLE_OBJC_WEAK = YES;
				CLANG_WARN_BLOCK_CAPTURE_AUTORELEASING = YES;
				CLANG_WARN_BOOL_CONVERSION = YES;
				CLANG_WARN_COMMA = YES;
				CLANG_WARN_CONSTANT_CONVERSION = YES;
				CLANG_WARN_DEPRECATED_OBJC_IMPLEMENTATIONS = YES;
				CLANG_WARN_DIRECT_OBJC_ISA_USAGE = YES_ERROR;
				CLANG_WARN_DOCUMENTATION_COMMENTS = YES;
				CLANG_WARN_EMPTY_BODY = YES;
				CLANG_WARN_ENUM_CONVERSION = YES;
				CLANG_WARN_INFINITE_RECURSION = YES;
				CLANG_WARN_INT_CONVERSION = YES;
				CLANG_WARN_NON_LITERAL_NULL_CONVERSION = YES;
				CLANG_WARN_OBJC_IMPLICIT_RETAIN_SELF = YES;
				CLANG_WARN_OBJC_LITERAL_CONVERSION = YES;
				CLANG_WARN_OBJC_ROOT_CLASS = YES_ERROR;
				CLANG_WARN_QUOTED_INCLUDE_IN_FRAMEWORK_HEADER = YES;
				CLANG_WARN_RANGE_LOOP_ANALYSIS = YES;
				CLANG_WARN_STRICT_PROTOTYPES = YES;
				CLANG_WARN_SUSPICIOUS_MOVE = YES;
				CLANG_WARN_UNGUARDED_AVAILABILITY = YES_AGGRESSIVE;
				CLANG_WARN_UNREACHABLE_CODE = YES;
				CLANG_WARN__DUPLICATE_METHOD_MATCH = YES;
				COPY_PHASE_STRIP = NO;
				DEBUG_INFORMATION_FORMAT = dwarf;
				ENABLE_STRICT_OBJC_MSGSEND = YES;
				ENABLE_TESTABILITY = YES;
				GCC_C_LANGUAGE_STANDARD = gnu11;
				GCC_DYNAMIC_NO_PIC = NO;
				GCC_NO_COMMON_BLOCKS = YES;
				GCC_OPTIMIZATION_LEVEL = 0;
				GCC_PREPROCESSOR_DEFINITIONS = (
					"DEBUG=1",
					"$(inherited)",
				);
				GCC_WARN_64_TO_32_BIT_CONVERSION = YES;
				GCC_WARN_ABOUT_RETURN_TYPE = YES_ERROR;
				GCC_WARN_UNDECLARED_SELECTOR = YES;
				GCC_WARN_UNINITIALIZED_AUTOS = YES_AGGRESSIVE;
				GCC_WARN_UNUSED_FUNCTION = YES;
				GCC_WARN_UNUSED_VARIABLE = YES;
				IPHONEOS_DEPLOYMENT_TARGET = 15.2;
				MTL_ENABLE_DEBUG_INFO = INCLUDE_SOURCE;
				MTL_FAST_MATH = YES;
				ONLY_ACTIVE_ARCH = YES;
				SDKROOT = iphoneos;
				SWIFT_ACTIVE_COMPILATION_CONDITIONS = DEBUG;
				SWIFT_OPTIMIZATION_LEVEL = "-Onone";
			};
			name = Debug;
		};
		725BAAA027E8A7A500AC7538 /* Release */ = {
			isa = XCBuildConfiguration;
			buildSettings = {
				ALWAYS_SEARCH_USER_PATHS = NO;
				CLANG_ANALYZER_NONNULL = YES;
				CLANG_ANALYZER_NUMBER_OBJECT_CONVERSION = YES_AGGRESSIVE;
				CLANG_CXX_LANGUAGE_STANDARD = "gnu++17";
				CLANG_CXX_LIBRARY = "libc++";
				CLANG_ENABLE_MODULES = YES;
				CLANG_ENABLE_OBJC_ARC = YES;
				CLANG_ENABLE_OBJC_WEAK = YES;
				CLANG_WARN_BLOCK_CAPTURE_AUTORELEASING = YES;
				CLANG_WARN_BOOL_CONVERSION = YES;
				CLANG_WARN_COMMA = YES;
				CLANG_WARN_CONSTANT_CONVERSION = YES;
				CLANG_WARN_DEPRECATED_OBJC_IMPLEMENTATIONS = YES;
				CLANG_WARN_DIRECT_OBJC_ISA_USAGE = YES_ERROR;
				CLANG_WARN_DOCUMENTATION_COMMENTS = YES;
				CLANG_WARN_EMPTY_BODY = YES;
				CLANG_WARN_ENUM_CONVERSION = YES;
				CLANG_WARN_INFINITE_RECURSION = YES;
				CLANG_WARN_INT_CONVERSION = YES;
				CLANG_WARN_NON_LITERAL_NULL_CONVERSION = YES;
				CLANG_WARN_OBJC_IMPLICIT_RETAIN_SELF = YES;
				CLANG_WARN_OBJC_LITERAL_CONVERSION = YES;
				CLANG_WARN_OBJC_ROOT_CLASS = YES_ERROR;
				CLANG_WARN_QUOTED_INCLUDE_IN_FRAMEWORK_HEADER = YES;
				CLANG_WARN_RANGE_LOOP_ANALYSIS = YES;
				CLANG_WARN_STRICT_PROTOTYPES = YES;
				CLANG_WARN_SUSPICIOUS_MOVE = YES;
				CLANG_WARN_UNGUARDED_AVAILABILITY = YES_AGGRESSIVE;
				CLANG_WARN_UNREACHABLE_CODE = YES;
				CLANG_WARN__DUPLICATE_METHOD_MATCH = YES;
				COPY_PHASE_STRIP = NO;
				DEBUG_INFORMATION_FORMAT = "dwarf-with-dsym";
				ENABLE_NS_ASSERTIONS = NO;
				ENABLE_STRICT_OBJC_MSGSEND = YES;
				GCC_C_LANGUAGE_STANDARD = gnu11;
				GCC_NO_COMMON_BLOCKS = YES;
				GCC_WARN_64_TO_32_BIT_CONVERSION = YES;
				GCC_WARN_ABOUT_RETURN_TYPE = YES_ERROR;
				GCC_WARN_UNDECLARED_SELECTOR = YES;
				GCC_WARN_UNINITIALIZED_AUTOS = YES_AGGRESSIVE;
				GCC_WARN_UNUSED_FUNCTION = YES;
				GCC_WARN_UNUSED_VARIABLE = YES;
				IPHONEOS_DEPLOYMENT_TARGET = 15.2;
				MTL_ENABLE_DEBUG_INFO = NO;
				MTL_FAST_MATH = YES;
				SDKROOT = iphoneos;
				SWIFT_COMPILATION_MODE = wholemodule;
				SWIFT_OPTIMIZATION_LEVEL = "-O";
				VALIDATE_PRODUCT = YES;
			};
			name = Release;
		};
		725BAAA227E8A7A500AC7538 /* Debug */ = {
			isa = XCBuildConfiguration;
			buildSettings = {
				ASSETCATALOG_COMPILER_APPICON_NAME = AppIcon;
				ASSETCATALOG_COMPILER_GLOBAL_ACCENT_COLOR_NAME = AccentColor;
				CODE_SIGN_STYLE = Automatic;
				CURRENT_PROJECT_VERSION = 1;
				GENERATE_INFOPLIST_FILE = YES;
				INFOPLIST_FILE = quizz/Info.plist;
				INFOPLIST_KEY_UIApplicationSupportsIndirectInputEvents = YES;
				INFOPLIST_KEY_UILaunchStoryboardName = LaunchScreen;
				INFOPLIST_KEY_UIMainStoryboardFile = Main;
				INFOPLIST_KEY_UISupportedInterfaceOrientations_iPad = "UIInterfaceOrientationPortrait UIInterfaceOrientationPortraitUpsideDown UIInterfaceOrientationLandscapeLeft UIInterfaceOrientationLandscapeRight";
				INFOPLIST_KEY_UISupportedInterfaceOrientations_iPhone = "UIInterfaceOrientationPortrait UIInterfaceOrientationLandscapeLeft UIInterfaceOrientationLandscapeRight";
				LD_RUNPATH_SEARCH_PATHS = (
					"$(inherited)",
					"@executable_path/Frameworks",
				);
				MARKETING_VERSION = 1.0;
				PRODUCT_BUNDLE_IDENTIFIER = "ROC-Mondriaan.quizz";
				PRODUCT_NAME = "$(TARGET_NAME)";
				SWIFT_EMIT_LOC_STRINGS = YES;
				SWIFT_VERSION = 5.0;
				TARGETED_DEVICE_FAMILY = "1,2";
			};
			name = Debug;
		};
		725BAAA327E8A7A500AC7538 /* Release */ = {
			isa = XCBuildConfiguration;
			buildSettings = {
				ASSETCATALOG_COMPILER_APPICON_NAME = AppIcon;
				ASSETCATALOG_COMPILER_GLOBAL_ACCENT_COLOR_NAME = AccentColor;
				CODE_SIGN_STYLE = Automatic;
				CURRENT_PROJECT_VERSION = 1;
				GENERATE_INFOPLIST_FILE = YES;
				INFOPLIST_FILE = quizz/Info.plist;
				INFOPLIST_KEY_UIApplicationSupportsIndirectInputEvents = YES;
				INFOPLIST_KEY_UILaunchStoryboardName = LaunchScreen;
				INFOPLIST_KEY_UIMainStoryboardFile = Main;
				INFOPLIST_KEY_UISupportedInterfaceOrientations_iPad = "UIInterfaceOrientationPortrait UIInterfaceOrientationPortraitUpsideDown UIInterfaceOrientationLandscapeLeft UIInterfaceOrientationLandscapeRight";
				INFOPLIST_KEY_UISupportedInterfaceOrientations_iPhone = "UIInterfaceOrientationPortrait UIInterfaceOrientationLandscapeLeft UIInterfaceOrientationLandscapeRight";
				LD_RUNPATH_SEARCH_PATHS = (
					"$(inherited)",
					"@executable_path/Frameworks",
				);
				MARKETING_VERSION = 1.0;
				PRODUCT_BUNDLE_IDENTIFIER = "ROC-Mondriaan.quizz";
				PRODUCT_NAME = "$(TARGET_NAME)";
				SWIFT_EMIT_LOC_STRINGS = YES;
				SWIFT_VERSION = 5.0;
				TARGETED_DEVICE_FAMILY = "1,2";
			};
			name = Release;
		};
/* End XCBuildConfiguration section */

/* Begin XCConfigurationList section */
		725BAA8827E8A7A400AC7538 /* Build configuration list for PBXProject "quizz" */ = {
			isa = XCConfigurationList;
			buildConfigurations = (
				725BAA9F27E8A7A500AC7538 /* Debug */,
				725BAAA027E8A7A500AC7538 /* Release */,
			);
			defaultConfigurationIsVisible = 0;
			defaultConfigurationName = Release;
		};
		725BAAA127E8A7A500AC7538 /* Build configuration list for PBXNativeTarget "quizz" */ = {
			isa = XCConfigurationList;
			buildConfigurations = (
				725BAAA227E8A7A500AC7538 /* Debug */,
				725BAAA327E8A7A500AC7538 /* Release */,
			);
			defaultConfigurationIsVisible = 0;
			defaultConfigurationName = Release;
		};
/* End XCConfigurationList section */
	};
	rootObject = 725BAA8527E8A7A400AC7538 /* Project object */;
}
